// !$*UTF8*$!
{
	archiveVersion = 1;
	classes = {
	};
	objectVersion = 56;
	objects = {

/* Begin PBXBuildFile section */
		9C05371A2C536B180062AEDE /* ProfileView.swift in Sources */ = {isa = PBXBuildFile; fileRef = 9C0537192C536B180062AEDE /* ProfileView.swift */; };
		9C05371C2C536DAA0062AEDE /* OptionSelectionView.swift in Sources */ = {isa = PBXBuildFile; fileRef = 9C05371B2C536DAA0062AEDE /* OptionSelectionView.swift */; };
		9C65C9272C7C1A100059F526 /* TopCategoryCardViewModel.swift in Sources */ = {isa = PBXBuildFile; fileRef = 9C65C9262C7C1A100059F526 /* TopCategoryCardViewModel.swift */; };
		9C65C9292C7C1A220059F526 /* TopCategoryCardView.swift in Sources */ = {isa = PBXBuildFile; fileRef = 9C65C9282C7C1A220059F526 /* TopCategoryCardView.swift */; };
		9C65C92B2C7C1A300059F526 /* CategoryExperienceCardViewModel.swift in Sources */ = {isa = PBXBuildFile; fileRef = 9C65C92A2C7C1A300059F526 /* CategoryExperienceCardViewModel.swift */; };
		9C65C92D2C7C1A3F0059F526 /* CategoryExperienceCardView.swift in Sources */ = {isa = PBXBuildFile; fileRef = 9C65C92C2C7C1A3F0059F526 /* CategoryExperienceCardView.swift */; };
		9C65C92F2C7C1A530059F526 /* StreakCardViewModel.swift in Sources */ = {isa = PBXBuildFile; fileRef = 9C65C92E2C7C1A530059F526 /* StreakCardViewModel.swift */; };
		9C65C9312C7C1A630059F526 /* StreakCardView.swift in Sources */ = {isa = PBXBuildFile; fileRef = 9C65C9302C7C1A630059F526 /* StreakCardView.swift */; };
		9C7C81B72C8790B800A6C406 /* CustomGoogleSignInButton.swift in Sources */ = {isa = PBXBuildFile; fileRef = 9C7C81B62C8790B800A6C406 /* CustomGoogleSignInButton.swift */; };
		9C7C81BA2C87952700A6C406 /* NotificationPermissionView.swift in Sources */ = {isa = PBXBuildFile; fileRef = 9C7C81B92C87952700A6C406 /* NotificationPermissionView.swift */; };
		9C7C81BC2C87953700A6C406 /* EmailPasswordView.swift in Sources */ = {isa = PBXBuildFile; fileRef = 9C7C81BB2C87953700A6C406 /* EmailPasswordView.swift */; };
		9C7C81BE2C87954B00A6C406 /* FirstNameLastNameView.swift in Sources */ = {isa = PBXBuildFile; fileRef = 9C7C81BD2C87954B00A6C406 /* FirstNameLastNameView.swift */; };
		9C8718342C6062D2008C5AFA /* AppDelegate.swift in Sources */ = {isa = PBXBuildFile; fileRef = 9C8718332C6062D2008C5AFA /* AppDelegate.swift */; };
		9C8718382C606494008C5AFA /* FirestoreManager.swift in Sources */ = {isa = PBXBuildFile; fileRef = 9C8718372C606494008C5AFA /* FirestoreManager.swift */; };
		9C87183D2C616D30008C5AFA /* SignInViewModel.swift in Sources */ = {isa = PBXBuildFile; fileRef = 9C87183C2C616D30008C5AFA /* SignInViewModel.swift */; };
		9C87183F2C616D3B008C5AFA /* SignUpViewModel.swift in Sources */ = {isa = PBXBuildFile; fileRef = 9C87183E2C616D3B008C5AFA /* SignUpViewModel.swift */; };
		9C8718412C616D46008C5AFA /* SignUpView.swift in Sources */ = {isa = PBXBuildFile; fileRef = 9C8718402C616D46008C5AFA /* SignUpView.swift */; };
		9C8718432C616D50008C5AFA /* SignInView.swift in Sources */ = {isa = PBXBuildFile; fileRef = 9C8718422C616D50008C5AFA /* SignInView.swift */; };
		9C8718452C616EEF008C5AFA /* AuthViewModel.swift in Sources */ = {isa = PBXBuildFile; fileRef = 9C8718442C616EEF008C5AFA /* AuthViewModel.swift */; };
		9C8718472C6171DB008C5AFA /* MainContentView.swift in Sources */ = {isa = PBXBuildFile; fileRef = 9C8718462C6171DB008C5AFA /* MainContentView.swift */; };
		9CAC4E532C584D15005CCEF2 /* RewardInputViewModel.swift in Sources */ = {isa = PBXBuildFile; fileRef = 9CAC4E522C584D15005CCEF2 /* RewardInputViewModel.swift */; };
		9CAC4E552C584D64005CCEF2 /* AddTaskViewModel.swift in Sources */ = {isa = PBXBuildFile; fileRef = 9CAC4E542C584D64005CCEF2 /* AddTaskViewModel.swift */; };
		9CAC4E572C584DC0005CCEF2 /* ProfileViewModel.swift in Sources */ = {isa = PBXBuildFile; fileRef = 9CAC4E562C584DC0005CCEF2 /* ProfileViewModel.swift */; };
		9CAC4E582C5860B0005CCEF2 /* XP.entitlements in Resources */ = {isa = PBXBuildFile; fileRef = 9CEF0EB62C50412C008E091B /* XP.entitlements */; };
		9CCA17D12C6289A700404191 /* FirebaseAnalytics in Frameworks */ = {isa = PBXBuildFile; productRef = 9CCA17D02C6289A700404191 /* FirebaseAnalytics */; };
		9CCA17D32C6289A700404191 /* FirebaseAppCheck in Frameworks */ = {isa = PBXBuildFile; productRef = 9CCA17D22C6289A700404191 /* FirebaseAppCheck */; };
		9CCA17D52C6289A700404191 /* FirebaseAppDistribution-Beta in Frameworks */ = {isa = PBXBuildFile; productRef = 9CCA17D42C6289A700404191 /* FirebaseAppDistribution-Beta */; };
		9CCA17D72C6289A700404191 /* FirebaseAuth in Frameworks */ = {isa = PBXBuildFile; productRef = 9CCA17D62C6289A700404191 /* FirebaseAuth */; };
		9CCA17D92C6289A700404191 /* FirebaseCrashlytics in Frameworks */ = {isa = PBXBuildFile; productRef = 9CCA17D82C6289A700404191 /* FirebaseCrashlytics */; };
		9CCA17DB2C6289A700404191 /* FirebaseDatabase in Frameworks */ = {isa = PBXBuildFile; productRef = 9CCA17DA2C6289A700404191 /* FirebaseDatabase */; };
		9CCA17DD2C6289A700404191 /* FirebaseDynamicLinks in Frameworks */ = {isa = PBXBuildFile; productRef = 9CCA17DC2C6289A700404191 /* FirebaseDynamicLinks */; };
		9CCA17DF2C6289A700404191 /* FirebaseFirestore in Frameworks */ = {isa = PBXBuildFile; productRef = 9CCA17DE2C6289A700404191 /* FirebaseFirestore */; };
		9CCA17E12C6289A700404191 /* FirebaseFunctions in Frameworks */ = {isa = PBXBuildFile; productRef = 9CCA17E02C6289A700404191 /* FirebaseFunctions */; };
		9CCA17E32C6289A700404191 /* FirebaseInstallations in Frameworks */ = {isa = PBXBuildFile; productRef = 9CCA17E22C6289A700404191 /* FirebaseInstallations */; };
		9CCA17E52C6289A700404191 /* FirebaseMessaging in Frameworks */ = {isa = PBXBuildFile; productRef = 9CCA17E42C6289A700404191 /* FirebaseMessaging */; };
		9CCA17E72C6289A700404191 /* FirebasePerformance in Frameworks */ = {isa = PBXBuildFile; productRef = 9CCA17E62C6289A700404191 /* FirebasePerformance */; };
		9CCA17E92C6289A700404191 /* FirebaseRemoteConfig in Frameworks */ = {isa = PBXBuildFile; productRef = 9CCA17E82C6289A700404191 /* FirebaseRemoteConfig */; };
		9CCA17EB2C6289A700404191 /* FirebaseStorage in Frameworks */ = {isa = PBXBuildFile; productRef = 9CCA17EA2C6289A700404191 /* FirebaseStorage */; };
		9CE4F9002C657CE6006785FE /* FirebaseAuthCombine-Community in Frameworks */ = {isa = PBXBuildFile; productRef = 9CE4F8FF2C657CE6006785FE /* FirebaseAuthCombine-Community */; };
		9CE4F9022C658B6E006785FE /* GoogleService-Info.plist in Resources */ = {isa = PBXBuildFile; fileRef = 9CE4F9012C658B6E006785FE /* GoogleService-Info.plist */; };
		9CE668E12C6956B40068FB25 /* GoogleSignIn in Frameworks */ = {isa = PBXBuildFile; productRef = 9CE668E02C6956B40068FB25 /* GoogleSignIn */; };
		9CE668E32C6956B40068FB25 /* GoogleSignInSwift in Frameworks */ = {isa = PBXBuildFile; productRef = 9CE668E22C6956B40068FB25 /* GoogleSignInSwift */; };
		9CE668E52C6956FA0068FB25 /* FirebaseFirestoreCombine-Community in Frameworks */ = {isa = PBXBuildFile; productRef = 9CE668E42C6956FA0068FB25 /* FirebaseFirestoreCombine-Community */; };
		9CE668E72C6956FA0068FB25 /* FirebaseFunctionsCombine-Community in Frameworks */ = {isa = PBXBuildFile; productRef = 9CE668E62C6956FA0068FB25 /* FirebaseFunctionsCombine-Community */; };
		9CE668E92C6956FA0068FB25 /* FirebaseInAppMessaging-Beta in Frameworks */ = {isa = PBXBuildFile; productRef = 9CE668E82C6956FA0068FB25 /* FirebaseInAppMessaging-Beta */; };
		9CE668EB2C6ACC270068FB25 /* BackgroundView.swift in Sources */ = {isa = PBXBuildFile; fileRef = 9CE668EA2C6ACC270068FB25 /* BackgroundView.swift */; };
		9CE668ED2C6AF0F10068FB25 /* SettingsViewModel.swift in Sources */ = {isa = PBXBuildFile; fileRef = 9CE668EC2C6AF0F10068FB25 /* SettingsViewModel.swift */; };
		9CE668EF2C6AF1080068FB25 /* SettingsView.swift in Sources */ = {isa = PBXBuildFile; fileRef = 9CE668EE2C6AF1080068FB25 /* SettingsView.swift */; };
		9CEF0EAF2C50412B008E091B /* XPApp.swift in Sources */ = {isa = PBXBuildFile; fileRef = 9CEF0EAE2C50412B008E091B /* XPApp.swift */; };
		9CEF0EB12C50412B008E091B /* ContentView.swift in Sources */ = {isa = PBXBuildFile; fileRef = 9CEF0EB02C50412B008E091B /* ContentView.swift */; };
		9CEF0EB32C50412B008E091B /* Item.swift in Sources */ = {isa = PBXBuildFile; fileRef = 9CEF0EB22C50412B008E091B /* Item.swift */; };
		9CEF0EB52C50412C008E091B /* Assets.xcassets in Resources */ = {isa = PBXBuildFile; fileRef = 9CEF0EB42C50412C008E091B /* Assets.xcassets */; };
		9CEF0EB92C50412C008E091B /* Preview Assets.xcassets in Resources */ = {isa = PBXBuildFile; fileRef = 9CEF0EB82C50412C008E091B /* Preview Assets.xcassets */; };
		9CEF0EC32C50412C008E091B /* XPTests.swift in Sources */ = {isa = PBXBuildFile; fileRef = 9CEF0EC22C50412C008E091B /* XPTests.swift */; };
		9CEF0ECD2C50412C008E091B /* XPUITests.swift in Sources */ = {isa = PBXBuildFile; fileRef = 9CEF0ECC2C50412C008E091B /* XPUITests.swift */; };
		9CEF0ECF2C50412C008E091B /* XPUITestsLaunchTests.swift in Sources */ = {isa = PBXBuildFile; fileRef = 9CEF0ECE2C50412C008E091B /* XPUITestsLaunchTests.swift */; };
		9CEF0EDC2C505BC0008E091B /* PersistenceManager.swift in Sources */ = {isa = PBXBuildFile; fileRef = 9CEF0EDB2C505BC0008E091B /* PersistenceManager.swift */; };
		9CEF0EDE2C505BD9008E091B /* XPBar.swift in Sources */ = {isa = PBXBuildFile; fileRef = 9CEF0EDD2C505BD9008E091B /* XPBar.swift */; };
		9CEF0EE02C505BF6008E091B /* TaskListView.swift in Sources */ = {isa = PBXBuildFile; fileRef = 9CEF0EDF2C505BF6008E091B /* TaskListView.swift */; };
		9CEF0EE22C505C0A008E091B /* AddTaskView.swift in Sources */ = {isa = PBXBuildFile; fileRef = 9CEF0EE12C505C0A008E091B /* AddTaskView.swift */; };
		9CEF0EE42C505CE4008E091B /* XPTask.swift in Sources */ = {isa = PBXBuildFile; fileRef = 9CEF0EE32C505CE4008E091B /* XPTask.swift */; };
		9CEF0EE62C50C537008E091B /* RewardInputView.swift in Sources */ = {isa = PBXBuildFile; fileRef = 9CEF0EE52C50C537008E091B /* RewardInputView.swift */; };
/* End PBXBuildFile section */

/* Begin PBXContainerItemProxy section */
		9CEF0EBF2C50412C008E091B /* PBXContainerItemProxy */ = {
			isa = PBXContainerItemProxy;
			containerPortal = 9CEF0EA32C50412B008E091B /* Project object */;
			proxyType = 1;
			remoteGlobalIDString = 9CEF0EAA2C50412B008E091B;
			remoteInfo = XP;
		};
		9CEF0EC92C50412C008E091B /* PBXContainerItemProxy */ = {
			isa = PBXContainerItemProxy;
			containerPortal = 9CEF0EA32C50412B008E091B /* Project object */;
			proxyType = 1;
			remoteGlobalIDString = 9CEF0EAA2C50412B008E091B;
			remoteInfo = XP;
		};
/* End PBXContainerItemProxy section */

/* Begin PBXFileReference section */
		9C0537192C536B180062AEDE /* ProfileView.swift */ = {isa = PBXFileReference; lastKnownFileType = sourcecode.swift; path = ProfileView.swift; sourceTree = "<group>"; };
		9C05371B2C536DAA0062AEDE /* OptionSelectionView.swift */ = {isa = PBXFileReference; lastKnownFileType = sourcecode.swift; path = OptionSelectionView.swift; sourceTree = "<group>"; };
		9C65C9262C7C1A100059F526 /* TopCategoryCardViewModel.swift */ = {isa = PBXFileReference; lastKnownFileType = sourcecode.swift; path = TopCategoryCardViewModel.swift; sourceTree = "<group>"; };
		9C65C9282C7C1A220059F526 /* TopCategoryCardView.swift */ = {isa = PBXFileReference; lastKnownFileType = sourcecode.swift; path = TopCategoryCardView.swift; sourceTree = "<group>"; };
		9C65C92A2C7C1A300059F526 /* CategoryExperienceCardViewModel.swift */ = {isa = PBXFileReference; lastKnownFileType = sourcecode.swift; path = CategoryExperienceCardViewModel.swift; sourceTree = "<group>"; };
		9C65C92C2C7C1A3F0059F526 /* CategoryExperienceCardView.swift */ = {isa = PBXFileReference; lastKnownFileType = sourcecode.swift; path = CategoryExperienceCardView.swift; sourceTree = "<group>"; };
		9C65C92E2C7C1A530059F526 /* StreakCardViewModel.swift */ = {isa = PBXFileReference; lastKnownFileType = sourcecode.swift; path = StreakCardViewModel.swift; sourceTree = "<group>"; };
		9C65C9302C7C1A630059F526 /* StreakCardView.swift */ = {isa = PBXFileReference; lastKnownFileType = sourcecode.swift; path = StreakCardView.swift; sourceTree = "<group>"; };
		9C7C81B62C8790B800A6C406 /* CustomGoogleSignInButton.swift */ = {isa = PBXFileReference; lastKnownFileType = sourcecode.swift; path = CustomGoogleSignInButton.swift; sourceTree = "<group>"; };
		9C7C81B92C87952700A6C406 /* NotificationPermissionView.swift */ = {isa = PBXFileReference; lastKnownFileType = sourcecode.swift; path = NotificationPermissionView.swift; sourceTree = "<group>"; };
		9C7C81BB2C87953700A6C406 /* EmailPasswordView.swift */ = {isa = PBXFileReference; lastKnownFileType = sourcecode.swift; path = EmailPasswordView.swift; sourceTree = "<group>"; };
		9C7C81BD2C87954B00A6C406 /* FirstNameLastNameView.swift */ = {isa = PBXFileReference; lastKnownFileType = sourcecode.swift; path = FirstNameLastNameView.swift; sourceTree = "<group>"; };
		9C8718332C6062D2008C5AFA /* AppDelegate.swift */ = {isa = PBXFileReference; lastKnownFileType = sourcecode.swift; path = AppDelegate.swift; sourceTree = "<group>"; };
		9C8718372C606494008C5AFA /* FirestoreManager.swift */ = {isa = PBXFileReference; lastKnownFileType = sourcecode.swift; path = FirestoreManager.swift; sourceTree = "<group>"; };
		9C87183C2C616D30008C5AFA /* SignInViewModel.swift */ = {isa = PBXFileReference; lastKnownFileType = sourcecode.swift; path = SignInViewModel.swift; sourceTree = "<group>"; };
		9C87183E2C616D3B008C5AFA /* SignUpViewModel.swift */ = {isa = PBXFileReference; lastKnownFileType = sourcecode.swift; path = SignUpViewModel.swift; sourceTree = "<group>"; };
		9C8718402C616D46008C5AFA /* SignUpView.swift */ = {isa = PBXFileReference; lastKnownFileType = sourcecode.swift; path = SignUpView.swift; sourceTree = "<group>"; };
		9C8718422C616D50008C5AFA /* SignInView.swift */ = {isa = PBXFileReference; lastKnownFileType = sourcecode.swift; path = SignInView.swift; sourceTree = "<group>"; };
		9C8718442C616EEF008C5AFA /* AuthViewModel.swift */ = {isa = PBXFileReference; lastKnownFileType = sourcecode.swift; path = AuthViewModel.swift; sourceTree = "<group>"; };
		9C8718462C6171DB008C5AFA /* MainContentView.swift */ = {isa = PBXFileReference; lastKnownFileType = sourcecode.swift; path = MainContentView.swift; sourceTree = "<group>"; };
		9CAC4E522C584D15005CCEF2 /* RewardInputViewModel.swift */ = {isa = PBXFileReference; lastKnownFileType = sourcecode.swift; path = RewardInputViewModel.swift; sourceTree = "<group>"; };
		9CAC4E542C584D64005CCEF2 /* AddTaskViewModel.swift */ = {isa = PBXFileReference; lastKnownFileType = sourcecode.swift; path = AddTaskViewModel.swift; sourceTree = "<group>"; };
		9CAC4E562C584DC0005CCEF2 /* ProfileViewModel.swift */ = {isa = PBXFileReference; lastKnownFileType = sourcecode.swift; path = ProfileViewModel.swift; sourceTree = "<group>"; };
		9CAC4E592C58622A005CCEF2 /* Info.plist */ = {isa = PBXFileReference; lastKnownFileType = text.plist; path = Info.plist; sourceTree = "<group>"; };
		9CE4F9012C658B6E006785FE /* GoogleService-Info.plist */ = {isa = PBXFileReference; fileEncoding = 4; lastKnownFileType = text.plist.xml; path = "GoogleService-Info.plist"; sourceTree = "<group>"; };
		9CE668EA2C6ACC270068FB25 /* BackgroundView.swift */ = {isa = PBXFileReference; lastKnownFileType = sourcecode.swift; path = BackgroundView.swift; sourceTree = "<group>"; };
		9CE668EC2C6AF0F10068FB25 /* SettingsViewModel.swift */ = {isa = PBXFileReference; lastKnownFileType = sourcecode.swift; path = SettingsViewModel.swift; sourceTree = "<group>"; };
		9CE668EE2C6AF1080068FB25 /* SettingsView.swift */ = {isa = PBXFileReference; lastKnownFileType = sourcecode.swift; path = SettingsView.swift; sourceTree = "<group>"; };
		9CEF0EAB2C50412B008E091B /* XP.app */ = {isa = PBXFileReference; explicitFileType = wrapper.application; includeInIndex = 0; path = XP.app; sourceTree = BUILT_PRODUCTS_DIR; };
		9CEF0EAE2C50412B008E091B /* XPApp.swift */ = {isa = PBXFileReference; lastKnownFileType = sourcecode.swift; path = XPApp.swift; sourceTree = "<group>"; };
		9CEF0EB02C50412B008E091B /* ContentView.swift */ = {isa = PBXFileReference; lastKnownFileType = sourcecode.swift; path = ContentView.swift; sourceTree = "<group>"; };
		9CEF0EB22C50412B008E091B /* Item.swift */ = {isa = PBXFileReference; lastKnownFileType = sourcecode.swift; path = Item.swift; sourceTree = "<group>"; };
		9CEF0EB42C50412C008E091B /* Assets.xcassets */ = {isa = PBXFileReference; lastKnownFileType = folder.assetcatalog; path = Assets.xcassets; sourceTree = "<group>"; };
		9CEF0EB62C50412C008E091B /* XP.entitlements */ = {isa = PBXFileReference; lastKnownFileType = text.plist.entitlements; path = XP.entitlements; sourceTree = "<group>"; };
		9CEF0EB82C50412C008E091B /* Preview Assets.xcassets */ = {isa = PBXFileReference; lastKnownFileType = folder.assetcatalog; path = "Preview Assets.xcassets"; sourceTree = "<group>"; };
		9CEF0EBE2C50412C008E091B /* XPTests.xctest */ = {isa = PBXFileReference; explicitFileType = wrapper.cfbundle; includeInIndex = 0; path = XPTests.xctest; sourceTree = BUILT_PRODUCTS_DIR; };
		9CEF0EC22C50412C008E091B /* XPTests.swift */ = {isa = PBXFileReference; lastKnownFileType = sourcecode.swift; path = XPTests.swift; sourceTree = "<group>"; };
		9CEF0EC82C50412C008E091B /* XPUITests.xctest */ = {isa = PBXFileReference; explicitFileType = wrapper.cfbundle; includeInIndex = 0; path = XPUITests.xctest; sourceTree = BUILT_PRODUCTS_DIR; };
		9CEF0ECC2C50412C008E091B /* XPUITests.swift */ = {isa = PBXFileReference; lastKnownFileType = sourcecode.swift; path = XPUITests.swift; sourceTree = "<group>"; };
		9CEF0ECE2C50412C008E091B /* XPUITestsLaunchTests.swift */ = {isa = PBXFileReference; lastKnownFileType = sourcecode.swift; path = XPUITestsLaunchTests.swift; sourceTree = "<group>"; };
		9CEF0EDB2C505BC0008E091B /* PersistenceManager.swift */ = {isa = PBXFileReference; lastKnownFileType = sourcecode.swift; path = PersistenceManager.swift; sourceTree = "<group>"; };
		9CEF0EDD2C505BD9008E091B /* XPBar.swift */ = {isa = PBXFileReference; lastKnownFileType = sourcecode.swift; path = XPBar.swift; sourceTree = "<group>"; };
		9CEF0EDF2C505BF6008E091B /* TaskListView.swift */ = {isa = PBXFileReference; lastKnownFileType = sourcecode.swift; path = TaskListView.swift; sourceTree = "<group>"; };
		9CEF0EE12C505C0A008E091B /* AddTaskView.swift */ = {isa = PBXFileReference; lastKnownFileType = sourcecode.swift; path = AddTaskView.swift; sourceTree = "<group>"; };
		9CEF0EE32C505CE4008E091B /* XPTask.swift */ = {isa = PBXFileReference; lastKnownFileType = sourcecode.swift; path = XPTask.swift; sourceTree = "<group>"; };
		9CEF0EE52C50C537008E091B /* RewardInputView.swift */ = {isa = PBXFileReference; lastKnownFileType = sourcecode.swift; path = RewardInputView.swift; sourceTree = "<group>"; };
/* End PBXFileReference section */

/* Begin PBXFrameworksBuildPhase section */
		9CEF0EA82C50412B008E091B /* Frameworks */ = {
			isa = PBXFrameworksBuildPhase;
			buildActionMask = 2147483647;
			files = (
				9CCA17DB2C6289A700404191 /* FirebaseDatabase in Frameworks */,
				9CE668E12C6956B40068FB25 /* GoogleSignIn in Frameworks */,
				9CCA17D32C6289A700404191 /* FirebaseAppCheck in Frameworks */,
				9CE668E52C6956FA0068FB25 /* FirebaseFirestoreCombine-Community in Frameworks */,
				9CCA17E72C6289A700404191 /* FirebasePerformance in Frameworks */,
				9CCA17D12C6289A700404191 /* FirebaseAnalytics in Frameworks */,
				9CE4F9002C657CE6006785FE /* FirebaseAuthCombine-Community in Frameworks */,
				9CCA17E12C6289A700404191 /* FirebaseFunctions in Frameworks */,
				9CCA17D92C6289A700404191 /* FirebaseCrashlytics in Frameworks */,
				9CCA17D52C6289A700404191 /* FirebaseAppDistribution-Beta in Frameworks */,
				9CE668E32C6956B40068FB25 /* GoogleSignInSwift in Frameworks */,
				9CE668E72C6956FA0068FB25 /* FirebaseFunctionsCombine-Community in Frameworks */,
				9CCA17DF2C6289A700404191 /* FirebaseFirestore in Frameworks */,
				9CCA17DD2C6289A700404191 /* FirebaseDynamicLinks in Frameworks */,
				9CCA17D72C6289A700404191 /* FirebaseAuth in Frameworks */,
				9CCA17E92C6289A700404191 /* FirebaseRemoteConfig in Frameworks */,
				9CCA17EB2C6289A700404191 /* FirebaseStorage in Frameworks */,
				9CCA17E52C6289A700404191 /* FirebaseMessaging in Frameworks */,
				9CCA17E32C6289A700404191 /* FirebaseInstallations in Frameworks */,
				9CE668E92C6956FA0068FB25 /* FirebaseInAppMessaging-Beta in Frameworks */,
			);
			runOnlyForDeploymentPostprocessing = 0;
		};
		9CEF0EBB2C50412C008E091B /* Frameworks */ = {
			isa = PBXFrameworksBuildPhase;
			buildActionMask = 2147483647;
			files = (
			);
			runOnlyForDeploymentPostprocessing = 0;
		};
		9CEF0EC52C50412C008E091B /* Frameworks */ = {
			isa = PBXFrameworksBuildPhase;
			buildActionMask = 2147483647;
			files = (
			);
			runOnlyForDeploymentPostprocessing = 0;
		};
/* End PBXFrameworksBuildPhase section */

/* Begin PBXGroup section */
		9C7C81B52C8790A900A6C406 /* Components */ = {
			isa = PBXGroup;
			children = (
				9C7C81B62C8790B800A6C406 /* CustomGoogleSignInButton.swift */,
			);
			path = Components;
			sourceTree = "<group>";
		};
		9C7C81B82C8794CB00A6C406 /* SignUp */ = {
			isa = PBXGroup;
			children = (
				9C8718402C616D46008C5AFA /* SignUpView.swift */,
				9C7C81B92C87952700A6C406 /* NotificationPermissionView.swift */,
				9C7C81BB2C87953700A6C406 /* EmailPasswordView.swift */,
				9C7C81BD2C87954B00A6C406 /* FirstNameLastNameView.swift */,
			);
			path = SignUp;
			sourceTree = "<group>";
		};
		9C87183B2C606C04008C5AFA /* Frameworks */ = {
			isa = PBXGroup;
			children = (
			);
			name = Frameworks;
			sourceTree = "<group>";
		};
		9CAC4E4B2C584B32005CCEF2 /* Views */ = {
			isa = PBXGroup;
			children = (
				9C7C81B82C8794CB00A6C406 /* SignUp */,
				9C7C81B52C8790A900A6C406 /* Components */,
				9C0537192C536B180062AEDE /* ProfileView.swift */,
				9CEF0EE12C505C0A008E091B /* AddTaskView.swift */,
				9CEF0EE52C50C537008E091B /* RewardInputView.swift */,
				9CEF0EB02C50412B008E091B /* ContentView.swift */,
				9C05371B2C536DAA0062AEDE /* OptionSelectionView.swift */,
				9CEF0EDD2C505BD9008E091B /* XPBar.swift */,
				9CEF0EDF2C505BF6008E091B /* TaskListView.swift */,
				9C8718422C616D50008C5AFA /* SignInView.swift */,
				9C8718462C6171DB008C5AFA /* MainContentView.swift */,
				9CE668EA2C6ACC270068FB25 /* BackgroundView.swift */,
				9CE668EE2C6AF1080068FB25 /* SettingsView.swift */,
				9C65C9282C7C1A220059F526 /* TopCategoryCardView.swift */,
				9C65C92C2C7C1A3F0059F526 /* CategoryExperienceCardView.swift */,
				9C65C9302C7C1A630059F526 /* StreakCardView.swift */,
			);
			path = Views;
			sourceTree = "<group>";
		};
		9CAC4E4C2C584B4C005CCEF2 /* Models */ = {
			isa = PBXGroup;
			children = (
				9CEF0EE32C505CE4008E091B /* XPTask.swift */,
				9CEF0EB22C50412B008E091B /* Item.swift */,
			);
			path = Models;
			sourceTree = "<group>";
		};
		9CAC4E4D2C584B54005CCEF2 /* ViewModels */ = {
			isa = PBXGroup;
			children = (
				9CAC4E522C584D15005CCEF2 /* RewardInputViewModel.swift */,
				9CAC4E542C584D64005CCEF2 /* AddTaskViewModel.swift */,
				9CAC4E562C584DC0005CCEF2 /* ProfileViewModel.swift */,
				9C8718442C616EEF008C5AFA /* AuthViewModel.swift */,
				9C87183C2C616D30008C5AFA /* SignInViewModel.swift */,
				9C87183E2C616D3B008C5AFA /* SignUpViewModel.swift */,
				9CE668EC2C6AF0F10068FB25 /* SettingsViewModel.swift */,
				9C65C9262C7C1A100059F526 /* TopCategoryCardViewModel.swift */,
				9C65C92A2C7C1A300059F526 /* CategoryExperienceCardViewModel.swift */,
				9C65C92E2C7C1A530059F526 /* StreakCardViewModel.swift */,
			);
			path = ViewModels;
			sourceTree = "<group>";
		};
		9CAC4E4E2C584B5B005CCEF2 /* Managers */ = {
			isa = PBXGroup;
			children = (
				9CEF0EDB2C505BC0008E091B /* PersistenceManager.swift */,
				9C8718372C606494008C5AFA /* FirestoreManager.swift */,
			);
			path = Managers;
			sourceTree = "<group>";
		};
		9CAC4E502C584B71005CCEF2 /* App */ = {
			isa = PBXGroup;
			children = (
				9CEF0EAE2C50412B008E091B /* XPApp.swift */,
				9C8718332C6062D2008C5AFA /* AppDelegate.swift */,
			);
			path = App;
			sourceTree = "<group>";
		};
		9CAC4E512C584B77005CCEF2 /* Resources */ = {
			isa = PBXGroup;
			children = (
				9CEF0EB62C50412C008E091B /* XP.entitlements */,
			);
			path = Resources;
			sourceTree = "<group>";
		};
		9CEF0EA22C50412B008E091B = {
			isa = PBXGroup;
			children = (
				9CEF0EAD2C50412B008E091B /* XP */,
				9CEF0EC12C50412C008E091B /* XPTests */,
				9CEF0ECB2C50412C008E091B /* XPUITests */,
				9CEF0EAC2C50412B008E091B /* Products */,
				9C87183B2C606C04008C5AFA /* Frameworks */,
			);
			sourceTree = "<group>";
		};
		9CEF0EAC2C50412B008E091B /* Products */ = {
			isa = PBXGroup;
			children = (
				9CEF0EAB2C50412B008E091B /* XP.app */,
				9CEF0EBE2C50412C008E091B /* XPTests.xctest */,
				9CEF0EC82C50412C008E091B /* XPUITests.xctest */,
			);
			name = Products;
			sourceTree = "<group>";
		};
		9CEF0EAD2C50412B008E091B /* XP */ = {
			isa = PBXGroup;
			children = (
				9CAC4E592C58622A005CCEF2 /* Info.plist */,
				9CE4F9012C658B6E006785FE /* GoogleService-Info.plist */,
				9CAC4E512C584B77005CCEF2 /* Resources */,
				9CAC4E502C584B71005CCEF2 /* App */,
				9CAC4E4E2C584B5B005CCEF2 /* Managers */,
				9CAC4E4C2C584B4C005CCEF2 /* Models */,
				9CAC4E4D2C584B54005CCEF2 /* ViewModels */,
				9CAC4E4B2C584B32005CCEF2 /* Views */,
				9CEF0EB42C50412C008E091B /* Assets.xcassets */,
				9CEF0EB72C50412C008E091B /* Preview Content */,
			);
			path = XP;
			sourceTree = "<group>";
		};
		9CEF0EB72C50412C008E091B /* Preview Content */ = {
			isa = PBXGroup;
			children = (
				9CEF0EB82C50412C008E091B /* Preview Assets.xcassets */,
			);
			path = "Preview Content";
			sourceTree = "<group>";
		};
		9CEF0EC12C50412C008E091B /* XPTests */ = {
			isa = PBXGroup;
			children = (
				9CEF0EC22C50412C008E091B /* XPTests.swift */,
			);
			path = XPTests;
			sourceTree = "<group>";
		};
		9CEF0ECB2C50412C008E091B /* XPUITests */ = {
			isa = PBXGroup;
			children = (
				9CEF0ECC2C50412C008E091B /* XPUITests.swift */,
				9CEF0ECE2C50412C008E091B /* XPUITestsLaunchTests.swift */,
			);
			path = XPUITests;
			sourceTree = "<group>";
		};
/* End PBXGroup section */

/* Begin PBXNativeTarget section */
		9CEF0EAA2C50412B008E091B /* XP */ = {
			isa = PBXNativeTarget;
			buildConfigurationList = 9CEF0ED22C50412C008E091B /* Build configuration list for PBXNativeTarget "XP" */;
			buildPhases = (
				9CEF0EA72C50412B008E091B /* Sources */,
				9CEF0EA82C50412B008E091B /* Frameworks */,
				9CEF0EA92C50412B008E091B /* Resources */,
			);
			buildRules = (
			);
			dependencies = (
			);
			name = XP;
			packageProductDependencies = (
				9CCA17D02C6289A700404191 /* FirebaseAnalytics */,
				9CCA17D22C6289A700404191 /* FirebaseAppCheck */,
				9CCA17D42C6289A700404191 /* FirebaseAppDistribution-Beta */,
				9CCA17D62C6289A700404191 /* FirebaseAuth */,
				9CCA17D82C6289A700404191 /* FirebaseCrashlytics */,
				9CCA17DA2C6289A700404191 /* FirebaseDatabase */,
				9CCA17DC2C6289A700404191 /* FirebaseDynamicLinks */,
				9CCA17DE2C6289A700404191 /* FirebaseFirestore */,
				9CCA17E02C6289A700404191 /* FirebaseFunctions */,
				9CCA17E22C6289A700404191 /* FirebaseInstallations */,
				9CCA17E42C6289A700404191 /* FirebaseMessaging */,
				9CCA17E62C6289A700404191 /* FirebasePerformance */,
				9CCA17E82C6289A700404191 /* FirebaseRemoteConfig */,
				9CCA17EA2C6289A700404191 /* FirebaseStorage */,
				9CE4F8FF2C657CE6006785FE /* FirebaseAuthCombine-Community */,
				9CE668E02C6956B40068FB25 /* GoogleSignIn */,
				9CE668E22C6956B40068FB25 /* GoogleSignInSwift */,
				9CE668E42C6956FA0068FB25 /* FirebaseFirestoreCombine-Community */,
				9CE668E62C6956FA0068FB25 /* FirebaseFunctionsCombine-Community */,
				9CE668E82C6956FA0068FB25 /* FirebaseInAppMessaging-Beta */,
			);
			productName = XP;
			productReference = 9CEF0EAB2C50412B008E091B /* XP.app */;
			productType = "com.apple.product-type.application";
		};
		9CEF0EBD2C50412C008E091B /* XPTests */ = {
			isa = PBXNativeTarget;
			buildConfigurationList = 9CEF0ED52C50412C008E091B /* Build configuration list for PBXNativeTarget "XPTests" */;
			buildPhases = (
				9CEF0EBA2C50412C008E091B /* Sources */,
				9CEF0EBB2C50412C008E091B /* Frameworks */,
				9CEF0EBC2C50412C008E091B /* Resources */,
			);
			buildRules = (
			);
			dependencies = (
				9CEF0EC02C50412C008E091B /* PBXTargetDependency */,
			);
			name = XPTests;
			productName = XPTests;
			productReference = 9CEF0EBE2C50412C008E091B /* XPTests.xctest */;
			productType = "com.apple.product-type.bundle.unit-test";
		};
		9CEF0EC72C50412C008E091B /* XPUITests */ = {
			isa = PBXNativeTarget;
			buildConfigurationList = 9CEF0ED82C50412C008E091B /* Build configuration list for PBXNativeTarget "XPUITests" */;
			buildPhases = (
				9CEF0EC42C50412C008E091B /* Sources */,
				9CEF0EC52C50412C008E091B /* Frameworks */,
				9CEF0EC62C50412C008E091B /* Resources */,
			);
			buildRules = (
			);
			dependencies = (
				9CEF0ECA2C50412C008E091B /* PBXTargetDependency */,
			);
			name = XPUITests;
			productName = XPUITests;
			productReference = 9CEF0EC82C50412C008E091B /* XPUITests.xctest */;
			productType = "com.apple.product-type.bundle.ui-testing";
		};
/* End PBXNativeTarget section */

/* Begin PBXProject section */
		9CEF0EA32C50412B008E091B /* Project object */ = {
			isa = PBXProject;
			attributes = {
				BuildIndependentTargetsInParallel = 1;
				LastSwiftUpdateCheck = 1540;
				LastUpgradeCheck = 1540;
				TargetAttributes = {
					9CEF0EAA2C50412B008E091B = {
						CreatedOnToolsVersion = 15.4;
					};
					9CEF0EBD2C50412C008E091B = {
						CreatedOnToolsVersion = 15.4;
						TestTargetID = 9CEF0EAA2C50412B008E091B;
					};
					9CEF0EC72C50412C008E091B = {
						CreatedOnToolsVersion = 15.4;
						TestTargetID = 9CEF0EAA2C50412B008E091B;
					};
				};
			};
			buildConfigurationList = 9CEF0EA62C50412B008E091B /* Build configuration list for PBXProject "XP" */;
			compatibilityVersion = "Xcode 14.0";
			developmentRegion = en;
			hasScannedForEncodings = 0;
			knownRegions = (
				en,
				Base,
			);
			mainGroup = 9CEF0EA22C50412B008E091B;
			packageReferences = (
				9CCA17CF2C6289A700404191 /* XCRemoteSwiftPackageReference "firebase-ios-sdk" */,
				9CE668DF2C6956B40068FB25 /* XCRemoteSwiftPackageReference "GoogleSignIn-iOS" */,
			);
			productRefGroup = 9CEF0EAC2C50412B008E091B /* Products */;
			projectDirPath = "";
			projectRoot = "";
			targets = (
				9CEF0EAA2C50412B008E091B /* XP */,
				9CEF0EBD2C50412C008E091B /* XPTests */,
				9CEF0EC72C50412C008E091B /* XPUITests */,
			);
		};
/* End PBXProject section */

/* Begin PBXResourcesBuildPhase section */
		9CEF0EA92C50412B008E091B /* Resources */ = {
			isa = PBXResourcesBuildPhase;
			buildActionMask = 2147483647;
			files = (
				9CAC4E582C5860B0005CCEF2 /* XP.entitlements in Resources */,
				9CEF0EB92C50412C008E091B /* Preview Assets.xcassets in Resources */,
				9CE4F9022C658B6E006785FE /* GoogleService-Info.plist in Resources */,
				9CEF0EB52C50412C008E091B /* Assets.xcassets in Resources */,
			);
			runOnlyForDeploymentPostprocessing = 0;
		};
		9CEF0EBC2C50412C008E091B /* Resources */ = {
			isa = PBXResourcesBuildPhase;
			buildActionMask = 2147483647;
			files = (
			);
			runOnlyForDeploymentPostprocessing = 0;
		};
		9CEF0EC62C50412C008E091B /* Resources */ = {
			isa = PBXResourcesBuildPhase;
			buildActionMask = 2147483647;
			files = (
			);
			runOnlyForDeploymentPostprocessing = 0;
		};
/* End PBXResourcesBuildPhase section */

/* Begin PBXSourcesBuildPhase section */
		9CEF0EA72C50412B008E091B /* Sources */ = {
			isa = PBXSourcesBuildPhase;
			buildActionMask = 2147483647;
			files = (
				9CEF0EDE2C505BD9008E091B /* XPBar.swift in Sources */,
				9C8718472C6171DB008C5AFA /* MainContentView.swift in Sources */,
				9CEF0EE22C505C0A008E091B /* AddTaskView.swift in Sources */,
				9CAC4E552C584D64005CCEF2 /* AddTaskViewModel.swift in Sources */,
				9CE668EB2C6ACC270068FB25 /* BackgroundView.swift in Sources */,
				9C7C81BE2C87954B00A6C406 /* FirstNameLastNameView.swift in Sources */,
				9C7C81BA2C87952700A6C406 /* NotificationPermissionView.swift in Sources */,
				9C8718342C6062D2008C5AFA /* AppDelegate.swift in Sources */,
				9C87183F2C616D3B008C5AFA /* SignUpViewModel.swift in Sources */,
				9C8718412C616D46008C5AFA /* SignUpView.swift in Sources */,
				9C65C9272C7C1A100059F526 /* TopCategoryCardViewModel.swift in Sources */,
				9C65C9312C7C1A630059F526 /* StreakCardView.swift in Sources */,
				9CAC4E532C584D15005CCEF2 /* RewardInputViewModel.swift in Sources */,
				9C05371A2C536B180062AEDE /* ProfileView.swift in Sources */,
				9CEF0EE42C505CE4008E091B /* XPTask.swift in Sources */,
				9C65C92F2C7C1A530059F526 /* StreakCardViewModel.swift in Sources */,
				9C65C92B2C7C1A300059F526 /* CategoryExperienceCardViewModel.swift in Sources */,
				9CAC4E572C584DC0005CCEF2 /* ProfileViewModel.swift in Sources */,
				9CEF0EB12C50412B008E091B /* ContentView.swift in Sources */,
				9C7C81BC2C87953700A6C406 /* EmailPasswordView.swift in Sources */,
				9C87183D2C616D30008C5AFA /* SignInViewModel.swift in Sources */,
				9CEF0EB32C50412B008E091B /* Item.swift in Sources */,
				9CE668EF2C6AF1080068FB25 /* SettingsView.swift in Sources */,
				9C65C9292C7C1A220059F526 /* TopCategoryCardView.swift in Sources */,
				9C7C81B72C8790B800A6C406 /* CustomGoogleSignInButton.swift in Sources */,
				9C05371C2C536DAA0062AEDE /* OptionSelectionView.swift in Sources */,
				9C65C92D2C7C1A3F0059F526 /* CategoryExperienceCardView.swift in Sources */,
				9C8718432C616D50008C5AFA /* SignInView.swift in Sources */,
				9CEF0EAF2C50412B008E091B /* XPApp.swift in Sources */,
				9CEF0EDC2C505BC0008E091B /* PersistenceManager.swift in Sources */,
				9C8718452C616EEF008C5AFA /* AuthViewModel.swift in Sources */,
				9CEF0EE02C505BF6008E091B /* TaskListView.swift in Sources */,
				9CEF0EE62C50C537008E091B /* RewardInputView.swift in Sources */,
				9C8718382C606494008C5AFA /* FirestoreManager.swift in Sources */,
				9CE668ED2C6AF0F10068FB25 /* SettingsViewModel.swift in Sources */,
			);
			runOnlyForDeploymentPostprocessing = 0;
		};
		9CEF0EBA2C50412C008E091B /* Sources */ = {
			isa = PBXSourcesBuildPhase;
			buildActionMask = 2147483647;
			files = (
				9CEF0EC32C50412C008E091B /* XPTests.swift in Sources */,
			);
			runOnlyForDeploymentPostprocessing = 0;
		};
		9CEF0EC42C50412C008E091B /* Sources */ = {
			isa = PBXSourcesBuildPhase;
			buildActionMask = 2147483647;
			files = (
				9CEF0ECF2C50412C008E091B /* XPUITestsLaunchTests.swift in Sources */,
				9CEF0ECD2C50412C008E091B /* XPUITests.swift in Sources */,
			);
			runOnlyForDeploymentPostprocessing = 0;
		};
/* End PBXSourcesBuildPhase section */

/* Begin PBXTargetDependency section */
		9CEF0EC02C50412C008E091B /* PBXTargetDependency */ = {
			isa = PBXTargetDependency;
			target = 9CEF0EAA2C50412B008E091B /* XP */;
			targetProxy = 9CEF0EBF2C50412C008E091B /* PBXContainerItemProxy */;
		};
		9CEF0ECA2C50412C008E091B /* PBXTargetDependency */ = {
			isa = PBXTargetDependency;
			target = 9CEF0EAA2C50412B008E091B /* XP */;
			targetProxy = 9CEF0EC92C50412C008E091B /* PBXContainerItemProxy */;
		};
/* End PBXTargetDependency section */

/* Begin XCBuildConfiguration section */
		9CEF0ED02C50412C008E091B /* Debug */ = {
			isa = XCBuildConfiguration;
			buildSettings = {
				ALWAYS_SEARCH_USER_PATHS = NO;
				ASSETCATALOG_COMPILER_GENERATE_SWIFT_ASSET_SYMBOL_EXTENSIONS = YES;
				CLANG_ANALYZER_NONNULL = YES;
				CLANG_ANALYZER_NUMBER_OBJECT_CONVERSION = YES_AGGRESSIVE;
				CLANG_CXX_LANGUAGE_STANDARD = "gnu++20";
				CLANG_ENABLE_MODULES = YES;
				CLANG_ENABLE_OBJC_ARC = YES;
				CLANG_ENABLE_OBJC_WEAK = YES;
				CLANG_WARN_BLOCK_CAPTURE_AUTORELEASING = YES;
				CLANG_WARN_BOOL_CONVERSION = YES;
				CLANG_WARN_COMMA = YES;
				CLANG_WARN_CONSTANT_CONVERSION = YES;
				CLANG_WARN_DEPRECATED_OBJC_IMPLEMENTATIONS = YES;
				CLANG_WARN_DIRECT_OBJC_ISA_USAGE = YES_ERROR;
				CLANG_WARN_DOCUMENTATION_COMMENTS = YES;
				CLANG_WARN_EMPTY_BODY = YES;
				CLANG_WARN_ENUM_CONVERSION = YES;
				CLANG_WARN_INFINITE_RECURSION = YES;
				CLANG_WARN_INT_CONVERSION = YES;
				CLANG_WARN_NON_LITERAL_NULL_CONVERSION = YES;
				CLANG_WARN_OBJC_IMPLICIT_RETAIN_SELF = YES;
				CLANG_WARN_OBJC_LITERAL_CONVERSION = YES;
				CLANG_WARN_OBJC_ROOT_CLASS = YES_ERROR;
				CLANG_WARN_QUOTED_INCLUDE_IN_FRAMEWORK_HEADER = YES;
				CLANG_WARN_RANGE_LOOP_ANALYSIS = YES;
				CLANG_WARN_STRICT_PROTOTYPES = YES;
				CLANG_WARN_SUSPICIOUS_MOVE = YES;
				CLANG_WARN_UNGUARDED_AVAILABILITY = YES_AGGRESSIVE;
				CLANG_WARN_UNREACHABLE_CODE = YES;
				CLANG_WARN__DUPLICATE_METHOD_MATCH = YES;
				COPY_PHASE_STRIP = NO;
				DEBUG_INFORMATION_FORMAT = dwarf;
				ENABLE_STRICT_OBJC_MSGSEND = YES;
				ENABLE_TESTABILITY = YES;
				ENABLE_USER_SCRIPT_SANDBOXING = YES;
				GCC_C_LANGUAGE_STANDARD = gnu17;
				GCC_DYNAMIC_NO_PIC = NO;
				GCC_NO_COMMON_BLOCKS = YES;
				GCC_OPTIMIZATION_LEVEL = 0;
				GCC_PREPROCESSOR_DEFINITIONS = (
					"DEBUG=1",
					"$(inherited)",
				);
				GCC_WARN_64_TO_32_BIT_CONVERSION = YES;
				GCC_WARN_ABOUT_RETURN_TYPE = YES_ERROR;
				GCC_WARN_UNDECLARED_SELECTOR = YES;
				GCC_WARN_UNINITIALIZED_AUTOS = YES_AGGRESSIVE;
				GCC_WARN_UNUSED_FUNCTION = YES;
				GCC_WARN_UNUSED_VARIABLE = YES;
				LOCALIZATION_PREFERS_STRING_CATALOGS = YES;
				MTL_ENABLE_DEBUG_INFO = INCLUDE_SOURCE;
				MTL_FAST_MATH = YES;
				ONLY_ACTIVE_ARCH = YES;
				SWIFT_ACTIVE_COMPILATION_CONDITIONS = "DEBUG $(inherited)";
				SWIFT_OPTIMIZATION_LEVEL = "-Onone";
			};
			name = Debug;
		};
		9CEF0ED12C50412C008E091B /* Release */ = {
			isa = XCBuildConfiguration;
			buildSettings = {
				ALWAYS_SEARCH_USER_PATHS = NO;
				ASSETCATALOG_COMPILER_GENERATE_SWIFT_ASSET_SYMBOL_EXTENSIONS = YES;
				CLANG_ANALYZER_NONNULL = YES;
				CLANG_ANALYZER_NUMBER_OBJECT_CONVERSION = YES_AGGRESSIVE;
				CLANG_CXX_LANGUAGE_STANDARD = "gnu++20";
				CLANG_ENABLE_MODULES = YES;
				CLANG_ENABLE_OBJC_ARC = YES;
				CLANG_ENABLE_OBJC_WEAK = YES;
				CLANG_WARN_BLOCK_CAPTURE_AUTORELEASING = YES;
				CLANG_WARN_BOOL_CONVERSION = YES;
				CLANG_WARN_COMMA = YES;
				CLANG_WARN_CONSTANT_CONVERSION = YES;
				CLANG_WARN_DEPRECATED_OBJC_IMPLEMENTATIONS = YES;
				CLANG_WARN_DIRECT_OBJC_ISA_USAGE = YES_ERROR;
				CLANG_WARN_DOCUMENTATION_COMMENTS = YES;
				CLANG_WARN_EMPTY_BODY = YES;
				CLANG_WARN_ENUM_CONVERSION = YES;
				CLANG_WARN_INFINITE_RECURSION = YES;
				CLANG_WARN_INT_CONVERSION = YES;
				CLANG_WARN_NON_LITERAL_NULL_CONVERSION = YES;
				CLANG_WARN_OBJC_IMPLICIT_RETAIN_SELF = YES;
				CLANG_WARN_OBJC_LITERAL_CONVERSION = YES;
				CLANG_WARN_OBJC_ROOT_CLASS = YES_ERROR;
				CLANG_WARN_QUOTED_INCLUDE_IN_FRAMEWORK_HEADER = YES;
				CLANG_WARN_RANGE_LOOP_ANALYSIS = YES;
				CLANG_WARN_STRICT_PROTOTYPES = YES;
				CLANG_WARN_SUSPICIOUS_MOVE = YES;
				CLANG_WARN_UNGUARDED_AVAILABILITY = YES_AGGRESSIVE;
				CLANG_WARN_UNREACHABLE_CODE = YES;
				CLANG_WARN__DUPLICATE_METHOD_MATCH = YES;
				COPY_PHASE_STRIP = NO;
				DEBUG_INFORMATION_FORMAT = "dwarf-with-dsym";
				ENABLE_NS_ASSERTIONS = NO;
				ENABLE_STRICT_OBJC_MSGSEND = YES;
				ENABLE_USER_SCRIPT_SANDBOXING = YES;
				GCC_C_LANGUAGE_STANDARD = gnu17;
				GCC_NO_COMMON_BLOCKS = YES;
				GCC_WARN_64_TO_32_BIT_CONVERSION = YES;
				GCC_WARN_ABOUT_RETURN_TYPE = YES_ERROR;
				GCC_WARN_UNDECLARED_SELECTOR = YES;
				GCC_WARN_UNINITIALIZED_AUTOS = YES_AGGRESSIVE;
				GCC_WARN_UNUSED_FUNCTION = YES;
				GCC_WARN_UNUSED_VARIABLE = YES;
				LOCALIZATION_PREFERS_STRING_CATALOGS = YES;
				MTL_ENABLE_DEBUG_INFO = NO;
				MTL_FAST_MATH = YES;
				SWIFT_COMPILATION_MODE = wholemodule;
			};
			name = Release;
		};
		9CEF0ED32C50412C008E091B /* Debug */ = {
			isa = XCBuildConfiguration;
			buildSettings = {
				ASSETCATALOG_COMPILER_APPICON_NAME = AppIcon;
				ASSETCATALOG_COMPILER_GLOBAL_ACCENT_COLOR_NAME = AccentColor;
				CODE_SIGN_ENTITLEMENTS = XP/XP.entitlements;
				CODE_SIGN_STYLE = Automatic;
				CURRENT_PROJECT_VERSION = 1;
				DEVELOPMENT_ASSET_PATHS = "\"XP/Preview Content\"";
				DEVELOPMENT_TEAM = BPRZLHHBUK;
				ENABLE_HARDENED_RUNTIME = YES;
				ENABLE_PREVIEWS = YES;
				GENERATE_INFOPLIST_FILE = YES;
				INFOPLIST_FILE = XP/Info.plist;
				INFOPLIST_KEY_LSApplicationCategoryType = "public.app-category.productivity";
				"INFOPLIST_KEY_UIApplicationSceneManifest_Generation[sdk=iphoneos*]" = YES;
				"INFOPLIST_KEY_UIApplicationSceneManifest_Generation[sdk=iphonesimulator*]" = YES;
				"INFOPLIST_KEY_UIApplicationSupportsIndirectInputEvents[sdk=iphoneos*]" = YES;
				"INFOPLIST_KEY_UIApplicationSupportsIndirectInputEvents[sdk=iphonesimulator*]" = YES;
				"INFOPLIST_KEY_UILaunchScreen_Generation[sdk=iphoneos*]" = YES;
				"INFOPLIST_KEY_UILaunchScreen_Generation[sdk=iphonesimulator*]" = YES;
				"INFOPLIST_KEY_UIStatusBarStyle[sdk=iphoneos*]" = UIStatusBarStyleDefault;
				"INFOPLIST_KEY_UIStatusBarStyle[sdk=iphonesimulator*]" = UIStatusBarStyleDefault;
				INFOPLIST_KEY_UISupportedInterfaceOrientations_iPad = "UIInterfaceOrientationPortrait UIInterfaceOrientationPortraitUpsideDown UIInterfaceOrientationLandscapeLeft UIInterfaceOrientationLandscapeRight";
				INFOPLIST_KEY_UISupportedInterfaceOrientations_iPhone = "UIInterfaceOrientationPortrait UIInterfaceOrientationLandscapeLeft UIInterfaceOrientationLandscapeRight";
				IPHONEOS_DEPLOYMENT_TARGET = 17.5;
				LD_RUNPATH_SEARCH_PATHS = "@executable_path/Frameworks";
				"LD_RUNPATH_SEARCH_PATHS[sdk=macosx*]" = "@executable_path/../Frameworks";
				MACOSX_DEPLOYMENT_TARGET = 14.0;
				MARKETING_VERSION = 1.0;
				PRODUCT_BUNDLE_IDENTIFIER = com.XP.XPApp;
				PRODUCT_NAME = "$(TARGET_NAME)";
				SDKROOT = auto;
				SUPPORTED_PLATFORMS = "iphoneos iphonesimulator";
				SUPPORTS_MACCATALYST = NO;
				SWIFT_EMIT_LOC_STRINGS = YES;
				SWIFT_VERSION = 5.0;
				TARGETED_DEVICE_FAMILY = "1,2";
			};
			name = Debug;
		};
		9CEF0ED42C50412C008E091B /* Release */ = {
			isa = XCBuildConfiguration;
			buildSettings = {
				ASSETCATALOG_COMPILER_APPICON_NAME = AppIcon;
				ASSETCATALOG_COMPILER_GLOBAL_ACCENT_COLOR_NAME = AccentColor;
				CODE_SIGN_ENTITLEMENTS = XP/XP.entitlements;
				CODE_SIGN_STYLE = Automatic;
				CURRENT_PROJECT_VERSION = 1;
				DEVELOPMENT_ASSET_PATHS = "\"XP/Preview Content\"";
				DEVELOPMENT_TEAM = BPRZLHHBUK;
				ENABLE_HARDENED_RUNTIME = YES;
				ENABLE_PREVIEWS = YES;
				GENERATE_INFOPLIST_FILE = YES;
				INFOPLIST_FILE = XP/Info.plist;
				INFOPLIST_KEY_LSApplicationCategoryType = "public.app-category.productivity";
				"INFOPLIST_KEY_UIApplicationSceneManifest_Generation[sdk=iphoneos*]" = YES;
				"INFOPLIST_KEY_UIApplicationSceneManifest_Generation[sdk=iphonesimulator*]" = YES;
				"INFOPLIST_KEY_UIApplicationSupportsIndirectInputEvents[sdk=iphoneos*]" = YES;
				"INFOPLIST_KEY_UIApplicationSupportsIndirectInputEvents[sdk=iphonesimulator*]" = YES;
				"INFOPLIST_KEY_UILaunchScreen_Generation[sdk=iphoneos*]" = YES;
				"INFOPLIST_KEY_UILaunchScreen_Generation[sdk=iphonesimulator*]" = YES;
				"INFOPLIST_KEY_UIStatusBarStyle[sdk=iphoneos*]" = UIStatusBarStyleDefault;
				"INFOPLIST_KEY_UIStatusBarStyle[sdk=iphonesimulator*]" = UIStatusBarStyleDefault;
				INFOPLIST_KEY_UISupportedInterfaceOrientations_iPad = "UIInterfaceOrientationPortrait UIInterfaceOrientationPortraitUpsideDown UIInterfaceOrientationLandscapeLeft UIInterfaceOrientationLandscapeRight";
				INFOPLIST_KEY_UISupportedInterfaceOrientations_iPhone = "UIInterfaceOrientationPortrait UIInterfaceOrientationLandscapeLeft UIInterfaceOrientationLandscapeRight";
				IPHONEOS_DEPLOYMENT_TARGET = 17.5;
				LD_RUNPATH_SEARCH_PATHS = "@executable_path/Frameworks";
				"LD_RUNPATH_SEARCH_PATHS[sdk=macosx*]" = "@executable_path/../Frameworks";
				MACOSX_DEPLOYMENT_TARGET = 14.0;
				MARKETING_VERSION = 1.0;
				PRODUCT_BUNDLE_IDENTIFIER = com.XP.XPApp;
				PRODUCT_NAME = "$(TARGET_NAME)";
				SDKROOT = auto;
				SUPPORTED_PLATFORMS = "iphoneos iphonesimulator";
				SUPPORTS_MACCATALYST = NO;
				SWIFT_EMIT_LOC_STRINGS = YES;
				SWIFT_VERSION = 5.0;
				TARGETED_DEVICE_FAMILY = "1,2";
			};
			name = Release;
		};
		9CEF0ED62C50412C008E091B /* Debug */ = {
			isa = XCBuildConfiguration;
			buildSettings = {
				ALWAYS_EMBED_SWIFT_STANDARD_LIBRARIES = YES;
				BUNDLE_LOADER = "$(TEST_HOST)";
				CODE_SIGN_STYLE = Automatic;
				CURRENT_PROJECT_VERSION = 1;
				DEVELOPMENT_TEAM = BPRZLHHBUK;
				GENERATE_INFOPLIST_FILE = YES;
				IPHONEOS_DEPLOYMENT_TARGET = 17.5;
				MACOSX_DEPLOYMENT_TARGET = 14.5;
				MARKETING_VERSION = 1.0;
				PRODUCT_BUNDLE_IDENTIFIER = com.XP.XPTests;
				PRODUCT_NAME = "$(TARGET_NAME)";
				SDKROOT = auto;
				SUPPORTED_PLATFORMS = "iphoneos iphonesimulator macosx";
				SWIFT_EMIT_LOC_STRINGS = NO;
				SWIFT_VERSION = 5.0;
				TARGETED_DEVICE_FAMILY = "1,2";
				TEST_HOST = "$(BUILT_PRODUCTS_DIR)/XP.app/$(BUNDLE_EXECUTABLE_FOLDER_PATH)/XP";
			};
			name = Debug;
		};
		9CEF0ED72C50412C008E091B /* Release */ = {
			isa = XCBuildConfiguration;
			buildSettings = {
				ALWAYS_EMBED_SWIFT_STANDARD_LIBRARIES = YES;
				BUNDLE_LOADER = "$(TEST_HOST)";
				CODE_SIGN_STYLE = Automatic;
				CURRENT_PROJECT_VERSION = 1;
				DEVELOPMENT_TEAM = BPRZLHHBUK;
				GENERATE_INFOPLIST_FILE = YES;
				IPHONEOS_DEPLOYMENT_TARGET = 17.5;
				MACOSX_DEPLOYMENT_TARGET = 14.5;
				MARKETING_VERSION = 1.0;
				PRODUCT_BUNDLE_IDENTIFIER = com.XP.XPTests;
				PRODUCT_NAME = "$(TARGET_NAME)";
				SDKROOT = auto;
				SUPPORTED_PLATFORMS = "iphoneos iphonesimulator macosx";
				SWIFT_EMIT_LOC_STRINGS = NO;
				SWIFT_VERSION = 5.0;
				TARGETED_DEVICE_FAMILY = "1,2";
				TEST_HOST = "$(BUILT_PRODUCTS_DIR)/XP.app/$(BUNDLE_EXECUTABLE_FOLDER_PATH)/XP";
			};
			name = Release;
		};
		9CEF0ED92C50412C008E091B /* Debug */ = {
			isa = XCBuildConfiguration;
			buildSettings = {
				ALWAYS_EMBED_SWIFT_STANDARD_LIBRARIES = YES;
				CODE_SIGN_STYLE = Automatic;
				CURRENT_PROJECT_VERSION = 1;
				DEVELOPMENT_TEAM = BPRZLHHBUK;
				GENERATE_INFOPLIST_FILE = YES;
				IPHONEOS_DEPLOYMENT_TARGET = 17.5;
				MACOSX_DEPLOYMENT_TARGET = 14.5;
				MARKETING_VERSION = 1.0;
				PRODUCT_BUNDLE_IDENTIFIER = com.XP.XPUITests;
				PRODUCT_NAME = "$(TARGET_NAME)";
				SDKROOT = auto;
				SUPPORTED_PLATFORMS = "iphoneos iphonesimulator macosx";
				SWIFT_EMIT_LOC_STRINGS = NO;
				SWIFT_VERSION = 5.0;
				TARGETED_DEVICE_FAMILY = "1,2";
				TEST_TARGET_NAME = XP;
			};
			name = Debug;
		};
		9CEF0EDA2C50412C008E091B /* Release */ = {
			isa = XCBuildConfiguration;
			buildSettings = {
				ALWAYS_EMBED_SWIFT_STANDARD_LIBRARIES = YES;
				CODE_SIGN_STYLE = Automatic;
				CURRENT_PROJECT_VERSION = 1;
				DEVELOPMENT_TEAM = BPRZLHHBUK;
				GENERATE_INFOPLIST_FILE = YES;
				IPHONEOS_DEPLOYMENT_TARGET = 17.5;
				MACOSX_DEPLOYMENT_TARGET = 14.5;
				MARKETING_VERSION = 1.0;
				PRODUCT_BUNDLE_IDENTIFIER = com.XP.XPUITests;
				PRODUCT_NAME = "$(TARGET_NAME)";
				SDKROOT = auto;
				SUPPORTED_PLATFORMS = "iphoneos iphonesimulator macosx";
				SWIFT_EMIT_LOC_STRINGS = NO;
				SWIFT_VERSION = 5.0;
				TARGETED_DEVICE_FAMILY = "1,2";
				TEST_TARGET_NAME = XP;
			};
			name = Release;
		};
/* End XCBuildConfiguration section */

/* Begin XCConfigurationList section */
		9CEF0EA62C50412B008E091B /* Build configuration list for PBXProject "XP" */ = {
			isa = XCConfigurationList;
			buildConfigurations = (
				9CEF0ED02C50412C008E091B /* Debug */,
				9CEF0ED12C50412C008E091B /* Release */,
			);
			defaultConfigurationIsVisible = 0;
			defaultConfigurationName = Release;
		};
		9CEF0ED22C50412C008E091B /* Build configuration list for PBXNativeTarget "XP" */ = {
			isa = XCConfigurationList;
			buildConfigurations = (
				9CEF0ED32C50412C008E091B /* Debug */,
				9CEF0ED42C50412C008E091B /* Release */,
			);
			defaultConfigurationIsVisible = 0;
			defaultConfigurationName = Release;
		};
		9CEF0ED52C50412C008E091B /* Build configuration list for PBXNativeTarget "XPTests" */ = {
			isa = XCConfigurationList;
			buildConfigurations = (
				9CEF0ED62C50412C008E091B /* Debug */,
				9CEF0ED72C50412C008E091B /* Release */,
			);
			defaultConfigurationIsVisible = 0;
			defaultConfigurationName = Release;
		};
		9CEF0ED82C50412C008E091B /* Build configuration list for PBXNativeTarget "XPUITests" */ = {
			isa = XCConfigurationList;
			buildConfigurations = (
				9CEF0ED92C50412C008E091B /* Debug */,
				9CEF0EDA2C50412C008E091B /* Release */,
			);
			defaultConfigurationIsVisible = 0;
			defaultConfigurationName = Release;
		};
/* End XCConfigurationList section */

/* Begin XCRemoteSwiftPackageReference section */
		9CCA17CF2C6289A700404191 /* XCRemoteSwiftPackageReference "firebase-ios-sdk" */ = {
			isa = XCRemoteSwiftPackageReference;
			repositoryURL = "https://github.com/firebase/firebase-ios-sdk.git";
			requirement = {
				kind = upToNextMajorVersion;
				minimumVersion = 11.0.0;
			};
		};
		9CE668DF2C6956B40068FB25 /* XCRemoteSwiftPackageReference "GoogleSignIn-iOS" */ = {
			isa = XCRemoteSwiftPackageReference;
			repositoryURL = "https://github.com/google/GoogleSignIn-iOS";
			requirement = {
				kind = upToNextMajorVersion;
				minimumVersion = 7.1.0;
			};
		};
/* End XCRemoteSwiftPackageReference section */

/* Begin XCSwiftPackageProductDependency section */
		9CCA17D02C6289A700404191 /* FirebaseAnalytics */ = {
			isa = XCSwiftPackageProductDependency;
			package = 9CCA17CF2C6289A700404191 /* XCRemoteSwiftPackageReference "firebase-ios-sdk" */;
			productName = FirebaseAnalytics;
		};
		9CCA17D22C6289A700404191 /* FirebaseAppCheck */ = {
			isa = XCSwiftPackageProductDependency;
			package = 9CCA17CF2C6289A700404191 /* XCRemoteSwiftPackageReference "firebase-ios-sdk" */;
			productName = FirebaseAppCheck;
		};
		9CCA17D42C6289A700404191 /* FirebaseAppDistribution-Beta */ = {
			isa = XCSwiftPackageProductDependency;
			package = 9CCA17CF2C6289A700404191 /* XCRemoteSwiftPackageReference "firebase-ios-sdk" */;
			productName = "FirebaseAppDistribution-Beta";
		};
		9CCA17D62C6289A700404191 /* FirebaseAuth */ = {
			isa = XCSwiftPackageProductDependency;
			package = 9CCA17CF2C6289A700404191 /* XCRemoteSwiftPackageReference "firebase-ios-sdk" */;
			productName = FirebaseAuth;
		};
		9CCA17D82C6289A700404191 /* FirebaseCrashlytics */ = {
			isa = XCSwiftPackageProductDependency;
			package = 9CCA17CF2C6289A700404191 /* XCRemoteSwiftPackageReference "firebase-ios-sdk" */;
			productName = FirebaseCrashlytics;
		};
		9CCA17DA2C6289A700404191 /* FirebaseDatabase */ = {
			isa = XCSwiftPackageProductDependency;
			package = 9CCA17CF2C6289A700404191 /* XCRemoteSwiftPackageReference "firebase-ios-sdk" */;
			productName = FirebaseDatabase;
		};
		9CCA17DC2C6289A700404191 /* FirebaseDynamicLinks */ = {
			isa = XCSwiftPackageProductDependency;
			package = 9CCA17CF2C6289A700404191 /* XCRemoteSwiftPackageReference "firebase-ios-sdk" */;
			productName = FirebaseDynamicLinks;
		};
		9CCA17DE2C6289A700404191 /* FirebaseFirestore */ = {
			isa = XCSwiftPackageProductDependency;
			package = 9CCA17CF2C6289A700404191 /* XCRemoteSwiftPackageReference "firebase-ios-sdk" */;
			productName = FirebaseFirestore;
		};
		9CCA17E02C6289A700404191 /* FirebaseFunctions */ = {
			isa = XCSwiftPackageProductDependency;
			package = 9CCA17CF2C6289A700404191 /* XCRemoteSwiftPackageReference "firebase-ios-sdk" */;
			productName = FirebaseFunctions;
		};
		9CCA17E22C6289A700404191 /* FirebaseInstallations */ = {
			isa = XCSwiftPackageProductDependency;
			package = 9CCA17CF2C6289A700404191 /* XCRemoteSwiftPackageReference "firebase-ios-sdk" */;
			productName = FirebaseInstallations;
		};
		9CCA17E42C6289A700404191 /* FirebaseMessaging */ = {
			isa = XCSwiftPackageProductDependency;
			package = 9CCA17CF2C6289A700404191 /* XCRemoteSwiftPackageReference "firebase-ios-sdk" */;
			productName = FirebaseMessaging;
		};
		9CCA17E62C6289A700404191 /* FirebasePerformance */ = {
			isa = XCSwiftPackageProductDependency;
			package = 9CCA17CF2C6289A700404191 /* XCRemoteSwiftPackageReference "firebase-ios-sdk" */;
			productName = FirebasePerformance;
		};
		9CCA17E82C6289A700404191 /* FirebaseRemoteConfig */ = {
			isa = XCSwiftPackageProductDependency;
			package = 9CCA17CF2C6289A700404191 /* XCRemoteSwiftPackageReference "firebase-ios-sdk" */;
			productName = FirebaseRemoteConfig;
		};
		9CCA17EA2C6289A700404191 /* FirebaseStorage */ = {
			isa = XCSwiftPackageProductDependency;
			package = 9CCA17CF2C6289A700404191 /* XCRemoteSwiftPackageReference "firebase-ios-sdk" */;
			productName = FirebaseStorage;
		};
		9CE4F8FF2C657CE6006785FE /* FirebaseAuthCombine-Community */ = {
			isa = XCSwiftPackageProductDependency;
			package = 9CCA17CF2C6289A700404191 /* XCRemoteSwiftPackageReference "firebase-ios-sdk" */;
			productName = "FirebaseAuthCombine-Community";
		};
		9CE668E02C6956B40068FB25 /* GoogleSignIn */ = {
			isa = XCSwiftPackageProductDependency;
			package = 9CE668DF2C6956B40068FB25 /* XCRemoteSwiftPackageReference "GoogleSignIn-iOS" */;
			productName = GoogleSignIn;
		};
		9CE668E22C6956B40068FB25 /* GoogleSignInSwift */ = {
			isa = XCSwiftPackageProductDependency;
			package = 9CE668DF2C6956B40068FB25 /* XCRemoteSwiftPackageReference "GoogleSignIn-iOS" */;
			productName = GoogleSignInSwift;
		};
		9CE668E42C6956FA0068FB25 /* FirebaseFirestoreCombine-Community */ = {
			isa = XCSwiftPackageProductDependency;
			package = 9CCA17CF2C6289A700404191 /* XCRemoteSwiftPackageReference "firebase-ios-sdk" */;
			productName = "FirebaseFirestoreCombine-Community";
		};
		9CE668E62C6956FA0068FB25 /* FirebaseFunctionsCombine-Community */ = {
			isa = XCSwiftPackageProductDependency;
			package = 9CCA17CF2C6289A700404191 /* XCRemoteSwiftPackageReference "firebase-ios-sdk" */;
			productName = "FirebaseFunctionsCombine-Community";
		};
		9CE668E82C6956FA0068FB25 /* FirebaseInAppMessaging-Beta */ = {
			isa = XCSwiftPackageProductDependency;
			package = 9CCA17CF2C6289A700404191 /* XCRemoteSwiftPackageReference "firebase-ios-sdk" */;
			productName = "FirebaseInAppMessaging-Beta";
		};
/* End XCSwiftPackageProductDependency section */
	};
	rootObject = 9CEF0EA32C50412B008E091B /* Project object */;
}
